
Microsoft Visual Studio Solution File, Format Version 12.00
# Visual Studio 2013
VisualStudioVersion = 12.0.21005.1
MinimumVisualStudioVersion = 10.0.40219.1
Project("{FAE04EC0-301F-11D3-BF4B-00C04F79EFBC}") = "Tester.PCL", "Tester.PCL/Tester.PCL.csproj", "{725734f1-f2e8-4553-a421-7ec6d7068e76}"
EndProject
Project("{FAE04EC0-301F-11D3-BF4B-00C04F79EFBC}") = "Tester.Tests", "Tester.Tests/Tester.Tests.csproj", "{17b10756-74fc-40da-90bb-9e0b48bc0df7}"
EndProject
Global
    GlobalSection(SolutionConfigurationPlatforms) = preSolution
        Debug|Any CPU = Debug|Any CPU
        Release|Any CPU = Release|Any CPU
    EndGlobalSection
    GlobalSection(ProjectConfigurationPlatforms) = postSolution
        {725734f1-f2e8-4553-a421-7ec6d7068e76}.Debug|Any CPU.ActiveCfg = Debug|Any CPU
        {725734f1-f2e8-4553-a421-7ec6d7068e76}.Debug|Any CPU.Build.0 = Debug|Any CPU
        {725734f1-f2e8-4553-a421-7ec6d7068e76}.Release|Any CPU.ActiveCfg = Release|Any CPU
        {725734f1-f2e8-4553-a421-7ec6d7068e76}.Release|Any CPU.Build.0 = Release|Any CPU
        {17b10756-74fc-40da-90bb-9e0b48bc0df7}.Debug|Any CPU.ActiveCfg = Debug|Any CPU
        {17b10756-74fc-40da-90bb-9e0b48bc0df7}.Debug|Any CPU.Build.0 = Debug|Any CPU
        {17b10756-74fc-40da-90bb-9e0b48bc0df7}.Release|Any CPU.ActiveCfg = Release|Any CPU
        {17b10756-74fc-40da-90bb-9e0b48bc0df7}.Release|Any CPU.Build.0 = Release|Any CPU
    EndGlobalSection
    GlobalSection(SolutionProperties) = preSolution
        HideSolutionNode = FALSE
    EndGlobalSection
EndGlobal
